
Microsoft Visual Studio Solution File, Format Version 12.00
# Visual Studio 15
VisualStudioVersion = 15.0.28307.168
MinimumVisualStudioVersion = 10.0.40219.1
Project("{FAE04EC0-301F-11D3-BF4B-00C04F79EFBC}") = "DataImportService", "DataImportService\DataImportService.csproj", "{7BA477B9-31FC-49EE-93BF-D9464F41016E}"
EndProject
Global
	GlobalSection(SolutionConfigurationPlatforms) = preSolution
		Debug|Any CPU = Debug|Any CPU
		Release|Any CPU = Release|Any CPU
	EndGlobalSection
	GlobalSection(ProjectConfigurationPlatforms) = postSolution
		{7BA477B9-31FC-49EE-93BF-D9464F41016E}.Debug|Any CPU.ActiveCfg = Debug|Any CPU
		{7BA477B9-31FC-49EE-93BF-D9464F41016E}.Debug|Any CPU.Build.0 = Debug|Any CPU
		{7BA477B9-31FC-49EE-93BF-D9464F41016E}.Release|Any CPU.ActiveCfg = Release|Any CPU
		{7BA477B9-31FC-49EE-93BF-D9464F41016E}.Release|Any CPU.Build.0 = Release|Any CPU
	EndGlobalSection
	GlobalSection(SolutionProperties) = preSolution
		HideSolutionNode = FALSE
	EndGlobalSection
	GlobalSection(ExtensibilityGlobals) = postSolution
		SolutionGuid = {606BE041-8D27-46B4-AE04-00196DEE9A14}
	EndGlobalSection
EndGlobal
